{
  "lockfileVersion": 1,
  "configVersion": 1,
  "workspaces": {
    "": {
      "name": "cli-skill",
      "devDependencies": {
        "@types/lodash": "^4.17.20",
        "@types/node": "^24.0.10",
        "bun-types": "^1.3.11",
        "typescript": "6.0.2",
      },
    },
    "packages/cli": {
      "name": "@cli-skill/cli",
      "version": "0.0.1-beta.20260402075508",
      "bin": {
        "cli-skill": "./bin/cli-skill",
      },
      "dependencies": {
        "@cli-skill/core": "workspace:*",
        "cac": "^6.7.14",
        "lodash": "^4.17.21",
        "zod": "^3.25.76",
      },
    },
    "packages/core": {
      "name": "@cli-skill/core",
      "version": "0.0.1-beta.20260402075508",
      "dependencies": {
        "cac": "^6.7.14",
        "lodash": "^4.17.21",
        "playwright": "^1.53.0",
      },
      "devDependencies": {
        "@types/node": "^24.0.10",
        "zod": "^3.25.76",
      },
      "peerDependencies": {
        "zod": "^3.25.76",
      },
    },
    "packages/templates": {
      "name": "@cli-skill/templates",
      "version": "0.0.1-beta.20260402075508",
      "bin": {
        "cli-skill-create-template": "./bin/cli-skill-create-template",
      },
      "devDependencies": {
        "@types/node": "^24.0.10",
      },
    },
  },
  "packages": {
    "@cli-skill/cli": ["@cli-skill/cli@workspace:packages/cli"],

    "@cli-skill/core": ["@cli-skill/core@workspace:packages/core"],

    "@cli-skill/templates": ["@cli-skill/templates@workspace:packages/templates"],

    "@types/lodash": ["@types/lodash@4.17.24", "", {}, "sha512-gIW7lQLZbue7lRSWEFql49QJJWThrTFFeIMJdp3eH4tKoxm1OvEPg02rm4wCCSHS0cL3/Fizimb35b7k8atwsQ=="],

    "@types/node": ["@types/node@24.12.0", "", { "dependencies": { "undici-types": "7.16.0" } }, "sha512-GYDxsZi3ChgmckRT9HPU0WEhKLP08ev/Yfcq2AstjrDASOYCSXeyjDsHg4v5t4jOj7cyDX3vmprafKlWIG9MXQ=="],

    "bun-types": ["bun-types@1.3.11", "", { "dependencies": { "@types/node": "*" } }, "sha512-1KGPpoxQWl9f6wcZh57LvrPIInQMn2TQ7jsgxqpRzg+l0QPOFvJVH7HmvHo/AiPgwXy+/Thf6Ov3EdVn1vOabg=="],

    "cac": ["cac@6.7.14", "", {}, "sha512-b6Ilus+c3RrdDk+JhLKUAQfzzgLEPy6wcXqS7f/xe1EETvsDP6GORG7SFuOs6cID5YkqchW/LXZbX5bc8j7ZcQ=="],

    "fsevents": ["fsevents@2.3.2", "", { "os": "darwin" }, "sha512-xiqMQR4xAeHTuB9uWm+fFRcIOgKBMiOBP+eXiyT7jsgVCq1bkVygt00oASowB7EdtpOHaaPgKt812P9ab+DDKA=="],

    "lodash": ["lodash@4.17.23", "", {}, "sha512-LgVTMpQtIopCi79SJeDiP0TfWi5CNEc/L/aRdTh3yIvmZXTnheWpKjSZhnvMl8iXbC1tFg9gdHHDMLoV7CnG+w=="],

    "playwright": ["playwright@1.58.2", "", { "dependencies": { "playwright-core": "1.58.2" }, "optionalDependencies": { "fsevents": "2.3.2" }, "bin": { "playwright": "cli.js" } }, "sha512-vA30H8Nvkq/cPBnNw4Q8TWz1EJyqgpuinBcHET0YVJVFldr8JDNiU9LaWAE1KqSkRYazuaBhTpB5ZzShOezQ6A=="],

    "playwright-core": ["playwright-core@1.58.2", "", { "bin": { "playwright-core": "cli.js" } }, "sha512-yZkEtftgwS8CsfYo7nm0KE8jsvm6i/PTgVtB8DL726wNf6H2IMsDuxCpJj59KDaxCtSnrWan2AeDqM7JBaultg=="],

    "typescript": ["typescript@6.0.2", "", { "bin": { "tsc": "bin/tsc", "tsserver": "bin/tsserver" } }, "sha512-bGdAIrZ0wiGDo5l8c++HWtbaNCWTS4UTv7RaTH/ThVIgjkveJt83m74bBHMJkuCbslY8ixgLBVZJIOiQlQTjfQ=="],

    "undici-types": ["undici-types@7.16.0", "", {}, "sha512-Zz+aZWSj8LE6zoxD+xrjh4VfkIG8Ya6LvYkZqtUQGJPZjYl53ypCaUwWqo7eI0x66KBGeRo+mlBEkMSeSZ38Nw=="],

    "zod": ["zod@3.25.76", "", {}, "sha512-gzUt/qt81nXsFGKIFcC3YnfEAx5NkunCfnDlvuBSSFS02bcXu4Lmea0AFIUwbLWxWPx3d9p8S5QoaujKcNQxcQ=="],
  }
}
